
Microsoft Visual Studio Solution File, Format Version 12.00
# Visual Studio Version 17
VisualStudioVersion = 17.7.34031.279
MinimumVisualStudioVersion = 10.0.40219.1
Project("{FAE04EC0-301F-11D3-BF4B-00C04F79EFBC}") = "WaterLogger", "WaterLogger\WaterLogger.csproj", "{EAE1EFA3-15AC-4445-B873-3D9A35150802}"
EndProject
Global
	GlobalSection(SolutionConfigurationPlatforms) = preSolution
		Debug|Any CPU = Debug|Any CPU
		Release|Any CPU = Release|Any CPU
	EndGlobalSection
	GlobalSection(ProjectConfigurationPlatforms) = postSolution
		{EAE1EFA3-15AC-4445-B873-3D9A35150802}.Debug|Any CPU.ActiveCfg = Debug|Any CPU
		{EAE1EFA3-15AC-4445-B873-3D9A35150802}.Debug|Any CPU.Build.0 = Debug|Any CPU
		{EAE1EFA3-15AC-4445-B873-3D9A35150802}.Release|Any CPU.ActiveCfg = Release|Any CPU
		{EAE1EFA3-15AC-4445-B873-3D9A35150802}.Release|Any CPU.Build.0 = Release|Any CPU
	EndGlobalSection
	GlobalSection(SolutionProperties) = preSolution
		HideSolutionNode = FALSE
	EndGlobalSection
	GlobalSection(ExtensibilityGlobals) = postSolution
		SolutionGuid = {8EA9AF21-A220-4E16-AD75-6EC3FE95F81B}
	EndGlobalSection
EndGlobal
